<?xml version="1.0" encoding="utf-8"?>
<Project ToolsVersion="4.0" xmlns="http://schemas.microsoft.com/developer/msbuild/2003">
  <ItemGroup>
    <ClCompile Include="Source\Engine.cpp" />
    <ClCompile Include="Source\Globals.cpp" />
    <ClCompile Include="Source\Patches\Patch.cpp" />
    <ClCompile Include="Source\Patches\Accounting.cpp" />
    <ClCompile Include="Source\Patches\Audio.cpp" />
    <ClCompile Include="Source\Patches\Camera.cpp" />
    <ClCompile Include="Source\Patches\Equipment.cpp" />
    <ClCompile Include="Source\Patches\Rendering.cpp" />
    <ClCompile Include="Source\Patches\Tags.cpp" />
    <ClCompile Include="Source\Patches\Weapons.cpp" />
    <ClCompile Include="Source\Hooks\Hook.cpp" />
    <ClCompile Include="Source\Hooks\DirectX.cpp" />
    <ClCompile Include="Source\Blam\Cache\StringIDCache.cpp" />
    <ClCompile Include="Source\Blam\Math\Angle.cpp" />
    <ClCompile Include="Source\Blam\Math\ColorARGB.cpp" />
    <ClCompile Include="Source\Blam\Math\ColorRGB.cpp" />
    <ClCompile Include="Source\Blam\Math\RealColorARGB.cpp" />
    <ClCompile Include="Source\Blam\Math\RealColorRGB.cpp" />
    <ClCompile Include="Source\Blam\Math\RealEulerAngles2D.cpp" />
    <ClCompile Include="Source\Blam\Math\RealEulerAngles3D.cpp" />
    <ClCompile Include="Source\Blam\Math\RealMatrix3x3.cpp" />
    <ClCompile Include="Source\Blam\Math\RealMatrix4x3.cpp" />
    <ClCompile Include="Source\Blam\Math\RealOrientation3D.cpp" />
    <ClCompile Include="Source\Blam\Math\RealPlane2D.cpp" />
    <ClCompile Include="Source\Blam\Math\RealPlane3D.cpp" />
    <ClCompile Include="Source\Blam\Math\RealPoint2D.cpp" />
    <ClCompile Include="Source\Blam\Math\RealPoint3D.cpp" />
    <ClCompile Include="Source\Blam\Math\RealQuaternion.cpp" />
    <ClCompile Include="Source\Blam\Math\RealRectangle2D.cpp" />
    <ClCompile Include="Source\Blam\Math\RealRectangle3D.cpp" />
    <ClCompile Include="Source\Blam\Math\RealVector2D.cpp" />
    <ClCompile Include="Source\Blam\Math\RealVector3D.cpp" />
    <ClCompile Include="Source\Blam\Math\Rectangle2D.cpp" />
    <ClCompile Include="Source\Blam\Data\DatumIndex.cpp" />
    <ClCompile Include="Source\Blam\Data\DatumBase.cpp" />
    <ClCompile Include="Source\Blam\Data\DataArrayBase.cpp" />
    <ClCompile Include="Source\Blam\Data\DataPoolBase.cpp" />
    <ClCompile Include="Source\Blam\Data\LruvCacheBase.cpp" />
    <ClCompile Include="Source\Blam\Data\DataIteratorBase.cpp" />
    <ClCompile Include="Source\Blam\Objects\ObjectDatum.cpp" />
    <ClCompile Include="Source\Blam\Memory\GlobalMemoryMap.cpp" />
    <ClCompile Include="Source\Blam\Math\Point2D.cpp" />
    <ClCompile Include="Source\Blam\Input\Bindings.cpp" />
    <ClCompile Include="Source\Blam\Input\Actions.cpp" />
    <ClCompile Include="Source\Blam\Input\Keyboard.cpp" />
    <ClCompile Include="Source\Blam\Input\Input.cpp" />
    <ClCompile Include="Source\Blam\Data\BitStream.cpp" />
    <ClCompile Include="Source\Blam\Game\Player.cpp" />
    <ClCompile Include="Source\Blam\Game\Stats.cpp" />
    <ClCompile Include="Source\Blam\Tags\TagReference.cpp" />
    <ClCompile Include="Source\Blam\Tags\Tag.cpp" />
    <ClCompile Include="Source\Blam\Game\Damage.cpp" />
    <ClCompile Include="Source\Blam\Game\Event.cpp" />
    <ClCompile Include="Source\Blam\Game\Medals.cpp" />
  </ItemGroup>
  <ItemGroup>
    <ClInclude Include="Source\Engine.hpp" />
    <ClInclude Include="Source\Patches\Patch.hpp" />
    <ClInclude Include="Source\Hooks\Hook.hpp" />
    <ClInclude Include="Source\Blam\Cache\StringIDCache.hpp" />
    <ClInclude Include="Source\Blam\Math\Angle.hpp" />
    <ClInclude Include="Source\Blam\Math\Bounds.hpp" />
    <ClInclude Include="Source\Blam\Math\ColorARGB.hpp" />
    <ClInclude Include="Source\Blam\Math\ColorRGB.hpp" />
    <ClInclude Include="Source\Blam\Math\RealColorARGB.hpp" />
    <ClInclude Include="Source\Blam\Math\RealColorRGB.hpp" />
    <ClInclude Include="Source\Blam\Math\RealEulerAngles2D.hpp" />
    <ClInclude Include="Source\Blam\Math\RealEulerAngles3D.hpp" />
    <ClInclude Include="Source\Blam\Math\RealMatrix3x3.hpp" />
    <ClInclude Include="Source\Blam\Math\RealMatrix4x3.hpp" />
    <ClInclude Include="Source\Blam\Math\RealOrientation3D.hpp" />
    <ClInclude Include="Source\Blam\Math\RealPlane2D.hpp" />
    <ClInclude Include="Source\Blam\Math\RealPlane3D.hpp" />
    <ClInclude Include="Source\Blam\Math\RealPoint2D.hpp" />
    <ClInclude Include="Source\Blam\Math\RealPoint3D.hpp" />
    <ClInclude Include="Source\Blam\Math\RealQuaternion.hpp" />
    <ClInclude Include="Source\Blam\Math\RealRectangle2D.hpp" />
    <ClInclude Include="Source\Blam\Math\RealRectangle3D.hpp" />
    <ClInclude Include="Source\Blam\Math\RealVector2D.hpp" />
    <ClInclude Include="Source\Blam\Math\RealVector3D.hpp" />
    <ClInclude Include="Source\Blam\Math\Rectangle2D.hpp" />
    <ClInclude Include="Source\Blam\Text\StringID.hpp" />
    <ClInclude Include="Source\Blam\BlamTypes.hpp" />
    <ClInclude Include="Source\Blam\Padding.hpp" />
    <ClInclude Include="Source\Blam\Data\DatumIndex.hpp" />
    <ClInclude Include="Source\Blam\Data\DatumBase.hpp" />
    <ClInclude Include="Source\Blam\Data\DataArrayBase.hpp" />
    <ClInclude Include="Source\Blam\Data\DataPoolBase.hpp" />
    <ClInclude Include="Source\Blam\Data\LruvCacheBase.hpp" />
    <ClInclude Include="Source\Blam\Data\DataIteratorBase.hpp" />
    <ClInclude Include="Source\Blam\Data\DataArray.hpp" />
    <ClInclude Include="Source\Blam\Data\DataIterator.hpp" />
    <ClInclude Include="Source\Blam\Data\ConstDataIterator.hpp" />
    <ClInclude Include="Source\Blam\Objects\ObjectDatum.hpp" />
    <ClInclude Include="Source\Blam\Memory\GlobalMemoryMap.hpp" />
    <ClInclude Include="Source\Blam\Math\BasePoint2D.hpp" />
    <ClInclude Include="Source\Blam\Math\Point2D.hpp" />
    <ClInclude Include="Source\Blam\Input\Bindings.hpp" />
    <ClInclude Include="Source\Blam\Input\Keyboard.hpp" />
    <ClInclude Include="Source\Blam\Input\Actions.hpp" />
    <ClInclude Include="Source\Blam\Input\Mouse.hpp" />
    <ClInclude Include="Source\Blam\Input\UI.hpp" />
    <ClInclude Include="Source\Blam\Input\Controller.hpp" />
    <ClInclude Include="Source\Blam\Input\Input.hpp" />
    <ClInclude Include="Source\Blam\Data\BitStream.hpp" />
    <ClInclude Include="Source\Blam\Game\Player.hpp" />
    <ClInclude Include="Source\Blam\Game\Stats.hpp" />
    <ClInclude Include="Source\Blam\Game\Medals.hpp" />
    <ClInclude Include="Source\Blam\Game\Damage.hpp" />
    <ClInclude Include="Source\Blam\Game\Event.hpp" />
    <ClInclude Include="Source\Blam\Tags\TagReference.hpp" />
    <ClInclude Include="Source\Blam\Tags\Tag.hpp" />
  </ItemGroup>
</Project>