<?xml version="1.0" encoding="utf-8"?>
<Project ToolsVersion="4.0" xmlns="http://schemas.microsoft.com/developer/msbuild/2003">
  <ItemGroup>
    <ClCompile Include="Source\Globals.cpp" />
    <ClCompile Include="Source\Blam\Cache\StringIDCache.cpp" />
    <ClCompile Include="Source\Blam\Math\Angle.cpp" />
    <ClCompile Include="Source\Blam\Math\ColorARGB.cpp" />
    <ClCompile Include="Source\Blam\Math\ColorRGB.cpp" />
    <ClCompile Include="Source\Blam\Math\RealColorARGB.cpp" />
    <ClCompile Include="Source\Blam\Math\RealColorRGB.cpp" />
    <ClCompile Include="Source\Blam\Math\RealEulerAngles2D.cpp" />
    <ClCompile Include="Source\Blam\Math\RealEulerAngles3D.cpp" />
    <ClCompile Include="Source\Blam\Math\RealMatrix3x3.cpp" />
    <ClCompile Include="Source\Blam\Math\RealMatrix4x3.cpp" />
    <ClCompile Include="Source\Blam\Math\RealOrientation3D.cpp" />
    <ClCompile Include="Source\Blam\Math\RealPlane2D.cpp" />
    <ClCompile Include="Source\Blam\Math\RealPlane3D.cpp" />
    <ClCompile Include="Source\Blam\Math\RealPoint2D.cpp" />
    <ClCompile Include="Source\Blam\Math\RealPoint3D.cpp" />
    <ClCompile Include="Source\Blam\Math\RealQuaternion.cpp" />
    <ClCompile Include="Source\Blam\Math\RealRectangle2D.cpp" />
    <ClCompile Include="Source\Blam\Math\RealRectangle3D.cpp" />
    <ClCompile Include="Source\Blam\Math\RealVector2D.cpp" />
    <ClCompile Include="Source\Blam\Math\RealVector3D.cpp" />
    <ClCompile Include="Source\Blam\Math\Rectangle2D.cpp" />
    <ClCompile Include="Source\Blam\Data\DatumIndex.cpp" />
    <ClCompile Include="Source\Blam\Data\DataPoolBase.cpp" />
    <ClCompile Include="Source\Blam\Data\LruvCacheBase.cpp" />
    <ClCompile Include="Source\Blam\Memory\GlobalMemoryMap.cpp" />
    <ClCompile Include="Source\Blam\Math\Point2D.cpp" />
    <ClCompile Include="Source\Blam\Data\BitStream.cpp" />
    <ClCompile Include="Source\Blam\Game\Stats.cpp" />
    <ClCompile Include="Source\Blam\Data\DataArray.cpp" />
    <ClCompile Include="Source\Blam\Game\Players.cpp" />
    <ClCompile Include="Source\Blam\Data\DatumBase.cpp" />
    <ClCompile Include="Source\Forge.cpp" />
    <ClCompile Include="Source\Graphics.cpp" />
    <ClCompile Include="Source\Input.cpp" />
    <ClCompile Include="Source\Network.cpp" />
    <ClCompile Include="Source\Player.cpp" />
    <ClCompile Include="Source\UserInterface.cpp" />
    <ClCompile Include="Source\Blam\Network\Session.cpp" />
    <ClCompile Include="Source\Blam\Tags\Tag.cpp" />
    <ClCompile Include="Source\Audio.cpp" />
    <ClCompile Include="Source\Game.cpp" />
    <ClCompile Include="Source\Camera.cpp" />
    <ClCompile Include="Source\Blam\Text\StringID.cpp" />
    <ClCompile Include="Source\Blam\Input\InputTypes.cpp" />
    <ClCompile Include="Source\Engine.cpp" />
  </ItemGroup>
  <ItemGroup>
    <ClInclude Include="Source\Engine.hpp" />
    <ClInclude Include="Source\Blam\Cache\StringIDCache.hpp" />
    <ClInclude Include="Source\Blam\Math\Angle.hpp" />
    <ClInclude Include="Source\Blam\Math\Bounds.hpp" />
    <ClInclude Include="Source\Blam\Math\ColorARGB.hpp" />
    <ClInclude Include="Source\Blam\Math\ColorRGB.hpp" />
    <ClInclude Include="Source\Blam\Math\RealColorARGB.hpp" />
    <ClInclude Include="Source\Blam\Math\RealColorRGB.hpp" />
    <ClInclude Include="Source\Blam\Math\RealEulerAngles2D.hpp" />
    <ClInclude Include="Source\Blam\Math\RealEulerAngles3D.hpp" />
    <ClInclude Include="Source\Blam\Math\RealMatrix3x3.hpp" />
    <ClInclude Include="Source\Blam\Math\RealMatrix4x3.hpp" />
    <ClInclude Include="Source\Blam\Math\RealOrientation3D.hpp" />
    <ClInclude Include="Source\Blam\Math\RealPlane2D.hpp" />
    <ClInclude Include="Source\Blam\Math\RealPlane3D.hpp" />
    <ClInclude Include="Source\Blam\Math\RealPoint2D.hpp" />
    <ClInclude Include="Source\Blam\Math\RealPoint3D.hpp" />
    <ClInclude Include="Source\Blam\Math\RealQuaternion.hpp" />
    <ClInclude Include="Source\Blam\Math\RealRectangle2D.hpp" />
    <ClInclude Include="Source\Blam\Math\RealRectangle3D.hpp" />
    <ClInclude Include="Source\Blam\Math\RealVector2D.hpp" />
    <ClInclude Include="Source\Blam\Math\RealVector3D.hpp" />
    <ClInclude Include="Source\Blam\Math\Rectangle2D.hpp" />
    <ClInclude Include="Source\Blam\Text\StringID.hpp" />
    <ClInclude Include="Source\Blam\Padding.hpp" />
    <ClInclude Include="Source\Blam\Data\DatumIndex.hpp" />
    <ClInclude Include="Source\Blam\Data\DatumBase.hpp" />
    <ClInclude Include="Source\Blam\Data\DataPoolBase.hpp" />
    <ClInclude Include="Source\Blam\Data\LruvCacheBase.hpp" />
    <ClInclude Include="Source\Blam\Data\DataArray.hpp" />
    <ClInclude Include="Source\Blam\Memory\GlobalMemoryMap.hpp" />
    <ClInclude Include="Source\Blam\Math\BasePoint2D.hpp" />
    <ClInclude Include="Source\Blam\Math\Point2D.hpp" />
    <ClInclude Include="Source\Blam\Data\BitStream.hpp" />
    <ClInclude Include="Source\Blam\Game\Stats.hpp" />
    <ClInclude Include="Source\Blam\Game\Medals.hpp" />
    <ClInclude Include="Source\Blam\Game\Damage.hpp" />
    <ClInclude Include="Source\Blam\Tags\TagReference.hpp" />
    <ClInclude Include="Source\Blam\Tags\Tag.hpp" />
    <ClInclude Include="Source\Blam\Game\Variants.hpp" />
    <ClInclude Include="Source\Blam\Game\Events.hpp" />
    <ClInclude Include="Source\Blam\Game\Players.hpp" />
    <ClInclude Include="Source\Blam\Tags\TagBlock.hpp" />
    <ClInclude Include="Source\Blam\Tags\TagData.hpp" />
    <ClInclude Include="Source\Blam\Tags\TagInstance.hpp" />
    <ClInclude Include="Source\Blam\Tags\Game\Globals.hpp" />
    <ClInclude Include="Source\Blam\Text\StringID.hpp" />
    <ClInclude Include="Source\Blam\Tags\Game\MultiplayerGlobals.hpp" />
    <ClInclude Include="Source\Blam\Tags\Scenario\Scenario.hpp" />
    <ClInclude Include="Source\Blam\Tags\Items\Weapon.hpp" />
    <ClInclude Include="Source\Blam\Tags\Objects\Object.hpp" />
    <ClInclude Include="Source\Blam\Tags\Items\Item.hpp" />
    <ClInclude Include="Source\Blam\Sounds\Noise.hpp" />
    <ClInclude Include="Source\Blam\Tags\Game\VFilesList.hpp" />
    <ClInclude Include="Source\Blam\Objects\ObjectType.hpp" />
    <ClInclude Include="Source\Blam\Objects\ObjectDatum.hpp" />
    <ClInclude Include="Source\Blam\Network\Session.hpp" />
    <ClInclude Include="Source\Blam\Tags\Game\CacheFileGlobalTags.hpp" />
    <ClInclude Include="Source\Camera.hpp" />
    <ClInclude Include="Source\Graphics.hpp" />
    <ClInclude Include="Source\Player.hpp" />
    <ClInclude Include="Source\Game.hpp" />
    <ClInclude Include="Source\UserInterface.hpp" />
    <ClInclude Include="Source\Forge.hpp" />
    <ClInclude Include="Source\Blam\Input\InputTypes.hpp" />
    <ClInclude Include="Source\Input.hpp" />
    <ClInclude Include="Source\Audio.hpp" />
    <ClInclude Include="Source\Blam\Objects\ObjectData.hpp" />
    <ClInclude Include="Source\Network.hpp" />
  </ItemGroup>
</Project>