<?xml version="1.0" encoding="utf-8"?>
<Project ToolsVersion="4.0" xmlns="http://schemas.microsoft.com/developer/msbuild/2003">
  <ItemGroup>
    <ClCompile Include="src\Main.cpp" />
    <ClCompile Include="src\Client\AnvilClient.cpp" />
    <ClCompile Include="src\Utils\Logger.cpp" />
    <ClCompile Include="src\Utils\Util.cpp" />
    <ClCompile Include="src\Client\Hooks\Engine\GameTick.cpp" />
    <ClCompile Include="src\Client\Hooks\EngineHooks.cpp" />
    <ClCompile Include="src\Client\Patches\Engine\EnginePatches.cpp" />
    <ClCompile Include="src\Client\Hooks\Engine\sub_5C7E40.cpp" />
    <ClCompile Include="src\Client\Hooks\WinHooks.cpp" />
    <ClCompile Include="src\Client\Hooks\Win\CreateWindowExA.cpp" />
    <ClCompile Include="src\Client\Hooks\Win\Rendering\D3DDevice9_BeginScene.cpp" />
    <ClCompile Include="src\Client\Hooks\Win\Rendering\D3DDevice9_EndScene.cpp" />
    <ClCompile Include="src\Client\Hooks\Win\Rendering\D3DDevice9_Reset.cpp" />
    <ClCompile Include="src\Client\Hooks\Win\Rendering\Direct3DCreate9.cpp" />
    <ClCompile Include="src\Client\Rendering\WebUI.cpp" />
    <ClCompile Include="src\Client\Rendering\WebUISchemeHandlerFactory.cpp" />
    <ClCompile Include="src\Client\Rendering\WebUISchemeHandler.cpp" />
    <ClCompile Include="src\Client\Rendering\WebUIFrame.cpp" />
    <ClCompile Include="src\Client\Rendering\WebUIApp.cpp" />
    <ClCompile Include="src\Client\Rendering\WebUIClient.cpp" />
    <ClCompile Include="src\Client\Rendering\Handlers\MainHandler.cpp" />
  </ItemGroup>
  <ItemGroup>
    <ClInclude Include="src\Client\AnvilClient.hpp" />
    <ClInclude Include="src\Misc\IInit.hpp" />
    <ClInclude Include="src\Utils\Logger.hpp" />
    <ClInclude Include="src\Utils\Util.hpp" />
    <ClInclude Include="src\Client\Hooks\EngineHooks.hpp" />
    <ClInclude Include="src\Misc\Macros.hpp" />
    <ClInclude Include="src\Client\Patches\Engine\EnginePatches.hpp" />
    <ClInclude Include="src\SDK\Messages\Message.h" />
    <ClInclude Include="src\Client\Hooks\WinHooks.hpp" />
    <ClInclude Include="src\Client\Rendering\WebUI.hpp" />
    <ClInclude Include="src\Client\Rendering\WebUIFrame.hpp" />
    <ClInclude Include="src\Client\Rendering\WebUIClient.hpp" />
    <ClInclude Include="src\Client\Rendering\WebUISchemeHandlerFactory.hpp" />
    <ClInclude Include="src\Client\Rendering\WebUISchemeHandler.hpp" />
    <ClInclude Include="src\Client\Rendering\WebUIApp.hpp" />
    <ClInclude Include="src\Client\Rendering\Handlers\MainHandler.hpp" />
  </ItemGroup>
</Project>